
Microsoft Visual Studio Solution File, Format Version 12.00
# Visual Studio Version 17
VisualStudioVersion = 17.7.34003.232
MinimumVisualStudioVersion = 10.0.40219.1
Project("{FAE04EC0-301F-11D3-BF4B-00C04F79EFBC}") = "Address Book", "Address Book\Address Book.csproj", "{AED3E9F4-4EB4-4927-9224-B56F41B5286F}"
EndProject
Global
	GlobalSection(SolutionConfigurationPlatforms) = preSolution
		Debug|Any CPU = Debug|Any CPU
		Release|Any CPU = Release|Any CPU
	EndGlobalSection
	GlobalSection(ProjectConfigurationPlatforms) = postSolution
		{AED3E9F4-4EB4-4927-9224-B56F41B5286F}.Debug|Any CPU.ActiveCfg = Debug|Any CPU
		{AED3E9F4-4EB4-4927-9224-B56F41B5286F}.Debug|Any CPU.Build.0 = Debug|Any CPU
		{AED3E9F4-4EB4-4927-9224-B56F41B5286F}.Release|Any CPU.ActiveCfg = Release|Any CPU
		{AED3E9F4-4EB4-4927-9224-B56F41B5286F}.Release|Any CPU.Build.0 = Release|Any CPU
	EndGlobalSection
	GlobalSection(SolutionProperties) = preSolution
		HideSolutionNode = FALSE
	EndGlobalSection
	GlobalSection(ExtensibilityGlobals) = postSolution
		SolutionGuid = {2A7FCBBF-4BD6-42BD-BDDF-CFEC568E6CF7}
	EndGlobalSection
EndGlobal
